
Microsoft Visual Studio Solution File, Format Version 12.00
# Visual Studio Version 16
VisualStudioVersion = 16.0.30804.86
MinimumVisualStudioVersion = 10.0.40219.1
Project("{FAE04EC0-301F-11D3-BF4B-00C04F79EFBC}") = "my_painter", "my_painter\my_painter.csproj", "{118CEE3B-4D36-4FFB-A0F7-D3329FE2348F}"
EndProject
Global
	GlobalSection(SolutionConfigurationPlatforms) = preSolution
		Debug|Any CPU = Debug|Any CPU
		Release|Any CPU = Release|Any CPU
	EndGlobalSection
	GlobalSection(ProjectConfigurationPlatforms) = postSolution
		{118CEE3B-4D36-4FFB-A0F7-D3329FE2348F}.Debug|Any CPU.ActiveCfg = Debug|Any CPU
		{118CEE3B-4D36-4FFB-A0F7-D3329FE2348F}.Debug|Any CPU.Build.0 = Debug|Any CPU
		{118CEE3B-4D36-4FFB-A0F7-D3329FE2348F}.Release|Any CPU.ActiveCfg = Release|Any CPU
		{118CEE3B-4D36-4FFB-A0F7-D3329FE2348F}.Release|Any CPU.Build.0 = Release|Any CPU
	EndGlobalSection
	GlobalSection(SolutionProperties) = preSolution
		HideSolutionNode = FALSE
	EndGlobalSection
	GlobalSection(ExtensibilityGlobals) = postSolution
		SolutionGuid = {89967A4B-4874-4DFE-882C-3E9858A5CC54}
	EndGlobalSection
EndGlobal
